
Microsoft Visual Studio Solution File, Format Version 12.00
# Visual Studio Version 17
VisualStudioVersion = 17.6.33829.357
MinimumVisualStudioVersion = 10.0.40219.1
Project("{FAE04EC0-301F-11D3-BF4B-00C04F79EFBC}") = "Text2DBattleGame", "Text2DBattleGame\Text2DBattleGame.csproj", "{30FA7902-DBCE-46B7-949C-CC36BF3EB797}"
EndProject
Global
	GlobalSection(SolutionConfigurationPlatforms) = preSolution
		Debug|anycpu = Debug|anycpu
		Release|anycpu = Release|anycpu
	EndGlobalSection
	GlobalSection(ProjectConfigurationPlatforms) = postSolution
		{30FA7902-DBCE-46B7-949C-CC36BF3EB797}.Debug|anycpu.ActiveCfg = Debug|Any CPU
		{30FA7902-DBCE-46B7-949C-CC36BF3EB797}.Debug|anycpu.Build.0 = Debug|Any CPU
		{30FA7902-DBCE-46B7-949C-CC36BF3EB797}.Release|anycpu.ActiveCfg = Release|anycpu
		{30FA7902-DBCE-46B7-949C-CC36BF3EB797}.Release|anycpu.Build.0 = Release|anycpu
	EndGlobalSection
	GlobalSection(SolutionProperties) = preSolution
		HideSolutionNode = FALSE
	EndGlobalSection
	GlobalSection(ExtensibilityGlobals) = postSolution
		SolutionGuid = {68643509-CBB4-45B6-8102-8080630D908A}
	EndGlobalSection
	GlobalSection(MonoDevelopProperties) = preSolution
		Policies = $0
		$0.DotNetNamingPolicy = $1
		$1.DirectoryNamespaceAssociation = PrefixedHierarchical
		outputpath = Text2DBattleGame/bin
	EndGlobalSection
EndGlobal
